
Microsoft Visual Studio Solution File, Format Version 12.00
# Visual Studio Version 17
VisualStudioVersion = 17.9.34728.123
MinimumVisualStudioVersion = 10.0.40219.1
Project("{888888A0-9F3D-457C-B088-3A5042F75D52}") = "py_client", "py_client.pyproj", "{3ABCAE41-E3A4-4124-8595-8462D7945181}"
EndProject
Global
	GlobalSection(SolutionConfigurationPlatforms) = preSolution
		Debug|Any CPU = Debug|Any CPU
		Release|Any CPU = Release|Any CPU
	EndGlobalSection
	GlobalSection(ProjectConfigurationPlatforms) = postSolution
		{3ABCAE41-E3A4-4124-8595-8462D7945181}.Debug|Any CPU.ActiveCfg = Debug|Any CPU
		{3ABCAE41-E3A4-4124-8595-8462D7945181}.Release|Any CPU.ActiveCfg = Release|Any CPU
	EndGlobalSection
	GlobalSection(SolutionProperties) = preSolution
		HideSolutionNode = FALSE
	EndGlobalSection
	GlobalSection(ExtensibilityGlobals) = postSolution
		SolutionGuid = {8C007011-3A82-4E0C-8AB8-301288FAB0AF}
	EndGlobalSection
EndGlobal
